
Microsoft Visual Studio Solution File, Format Version 12.00
# Visual Studio 15
VisualStudioVersion = 15.0.27703.2026
MinimumVisualStudioVersion = 10.0.40219.1
Project("{FAE04EC0-301F-11D3-BF4B-00C04F79EFBC}") = "ChartUsing", "ChartUsing\ChartUsing.csproj", "{AFAB59DA-117D-455B-912D-A936B6F41959}"
EndProject
Global
	GlobalSection(SolutionConfigurationPlatforms) = preSolution
		Debug|Any CPU = Debug|Any CPU
		Release|Any CPU = Release|Any CPU
	EndGlobalSection
	GlobalSection(ProjectConfigurationPlatforms) = postSolution
		{AFAB59DA-117D-455B-912D-A936B6F41959}.Debug|Any CPU.ActiveCfg = Debug|Any CPU
		{AFAB59DA-117D-455B-912D-A936B6F41959}.Debug|Any CPU.Build.0 = Debug|Any CPU
		{AFAB59DA-117D-455B-912D-A936B6F41959}.Release|Any CPU.ActiveCfg = Release|Any CPU
		{AFAB59DA-117D-455B-912D-A936B6F41959}.Release|Any CPU.Build.0 = Release|Any CPU
	EndGlobalSection
	GlobalSection(SolutionProperties) = preSolution
		HideSolutionNode = FALSE
	EndGlobalSection
	GlobalSection(ExtensibilityGlobals) = postSolution
		SolutionGuid = {0F5242E1-8CA4-4829-B07A-23A717F8F11A}
	EndGlobalSection
EndGlobal
